
Microsoft Visual Studio Solution File, Format Version 12.00
# Visual Studio 15
VisualStudioVersion = 15.0.28307.168
MinimumVisualStudioVersion = 10.0.40219.1
Project("{9A19103F-16F7-4668-BE54-9A1E7A4F7556}") = "ProcessoSeletivo", "ProcessoSeletivo\ProcessoSeletivo.csproj", "{DEF6DDEE-D6FB-4E72-9438-766E7186E4F8}"
EndProject
Project("{FAE04EC0-301F-11D3-BF4B-00C04F79EFBC}") = "HiperMercado", "HiperMercado\HiperMercado.csproj", "{B22C8D34-D707-4344-AF5D-F3E423A5E7ED}"
EndProject
Global
	GlobalSection(SolutionConfigurationPlatforms) = preSolution
		Debug|Any CPU = Debug|Any CPU
		Release|Any CPU = Release|Any CPU
	EndGlobalSection
	GlobalSection(ProjectConfigurationPlatforms) = postSolution
		{DEF6DDEE-D6FB-4E72-9438-766E7186E4F8}.Debug|Any CPU.ActiveCfg = Debug|Any CPU
		{DEF6DDEE-D6FB-4E72-9438-766E7186E4F8}.Debug|Any CPU.Build.0 = Debug|Any CPU
		{DEF6DDEE-D6FB-4E72-9438-766E7186E4F8}.Release|Any CPU.ActiveCfg = Release|Any CPU
		{DEF6DDEE-D6FB-4E72-9438-766E7186E4F8}.Release|Any CPU.Build.0 = Release|Any CPU
		{B22C8D34-D707-4344-AF5D-F3E423A5E7ED}.Debug|Any CPU.ActiveCfg = Debug|Any CPU
		{B22C8D34-D707-4344-AF5D-F3E423A5E7ED}.Debug|Any CPU.Build.0 = Debug|Any CPU
		{B22C8D34-D707-4344-AF5D-F3E423A5E7ED}.Release|Any CPU.ActiveCfg = Release|Any CPU
		{B22C8D34-D707-4344-AF5D-F3E423A5E7ED}.Release|Any CPU.Build.0 = Release|Any CPU
	EndGlobalSection
	GlobalSection(SolutionProperties) = preSolution
		HideSolutionNode = FALSE
	EndGlobalSection
	GlobalSection(ExtensibilityGlobals) = postSolution
		SolutionGuid = {1599B9E4-4B24-4B11-B8DB-0C9A4FB0EE6C}
	EndGlobalSection
EndGlobal
